
Microsoft Visual Studio Solution File, Format Version 12.00
# Visual Studio 15
VisualStudioVersion = 15.0.26124.0
MinimumVisualStudioVersion = 15.0.26124.0
Project("{2150E333-8FDC-42A3-9474-1A3956D46DE8}") = "samples", "samples", "{9C8FA937-0EA3-4AAC-8EDA-721B6B952276}"
EndProject
Project("{FAE04EC0-301F-11D3-BF4B-00C04F79EFBC}") = "Nancy.JsonPatch.Demo", "samples\Nancy.JsonPatch.Demo\Nancy.JsonPatch.Demo.csproj", "{9F89A17A-1BE3-4636-9C53-CBBC3CFF786C}"
EndProject
Project("{2150E333-8FDC-42A3-9474-1A3956D46DE8}") = "src", "src", "{43F47EE7-6199-48DD-87AD-657B676F7747}"
EndProject
Project("{FAE04EC0-301F-11D3-BF4B-00C04F79EFBC}") = "Nancy.JsonPatch", "src\Nancy.JsonPatch\Nancy.JsonPatch.csproj", "{02EA5EDA-437E-40D2-BB78-60FF4848CE62}"
EndProject
Global
	GlobalSection(SolutionConfigurationPlatforms) = preSolution
		Debug|Any CPU = Debug|Any CPU
		Debug|x64 = Debug|x64
		Debug|x86 = Debug|x86
		Release|Any CPU = Release|Any CPU
		Release|x64 = Release|x64
		Release|x86 = Release|x86
	EndGlobalSection
	GlobalSection(SolutionProperties) = preSolution
		HideSolutionNode = FALSE
	EndGlobalSection
	GlobalSection(ProjectConfigurationPlatforms) = postSolution
		{9F89A17A-1BE3-4636-9C53-CBBC3CFF786C}.Debug|Any CPU.ActiveCfg = Debug|Any CPU
		{9F89A17A-1BE3-4636-9C53-CBBC3CFF786C}.Debug|Any CPU.Build.0 = Debug|Any CPU
		{9F89A17A-1BE3-4636-9C53-CBBC3CFF786C}.Debug|x64.ActiveCfg = Debug|x64
		{9F89A17A-1BE3-4636-9C53-CBBC3CFF786C}.Debug|x64.Build.0 = Debug|x64
		{9F89A17A-1BE3-4636-9C53-CBBC3CFF786C}.Debug|x86.ActiveCfg = Debug|x86
		{9F89A17A-1BE3-4636-9C53-CBBC3CFF786C}.Debug|x86.Build.0 = Debug|x86
		{9F89A17A-1BE3-4636-9C53-CBBC3CFF786C}.Release|Any CPU.ActiveCfg = Release|Any CPU
		{9F89A17A-1BE3-4636-9C53-CBBC3CFF786C}.Release|Any CPU.Build.0 = Release|Any CPU
		{9F89A17A-1BE3-4636-9C53-CBBC3CFF786C}.Release|x64.ActiveCfg = Release|x64
		{9F89A17A-1BE3-4636-9C53-CBBC3CFF786C}.Release|x64.Build.0 = Release|x64
		{9F89A17A-1BE3-4636-9C53-CBBC3CFF786C}.Release|x86.ActiveCfg = Release|x86
		{9F89A17A-1BE3-4636-9C53-CBBC3CFF786C}.Release|x86.Build.0 = Release|x86
		{02EA5EDA-437E-40D2-BB78-60FF4848CE62}.Debug|Any CPU.ActiveCfg = Debug|Any CPU
		{02EA5EDA-437E-40D2-BB78-60FF4848CE62}.Debug|Any CPU.Build.0 = Debug|Any CPU
		{02EA5EDA-437E-40D2-BB78-60FF4848CE62}.Debug|x64.ActiveCfg = Debug|x64
		{02EA5EDA-437E-40D2-BB78-60FF4848CE62}.Debug|x64.Build.0 = Debug|x64
		{02EA5EDA-437E-40D2-BB78-60FF4848CE62}.Debug|x86.ActiveCfg = Debug|x86
		{02EA5EDA-437E-40D2-BB78-60FF4848CE62}.Debug|x86.Build.0 = Debug|x86
		{02EA5EDA-437E-40D2-BB78-60FF4848CE62}.Release|Any CPU.ActiveCfg = Release|Any CPU
		{02EA5EDA-437E-40D2-BB78-60FF4848CE62}.Release|Any CPU.Build.0 = Release|Any CPU
		{02EA5EDA-437E-40D2-BB78-60FF4848CE62}.Release|x64.ActiveCfg = Release|x64
		{02EA5EDA-437E-40D2-BB78-60FF4848CE62}.Release|x64.Build.0 = Release|x64
		{02EA5EDA-437E-40D2-BB78-60FF4848CE62}.Release|x86.ActiveCfg = Release|x86
		{02EA5EDA-437E-40D2-BB78-60FF4848CE62}.Release|x86.Build.0 = Release|x86
	EndGlobalSection
	GlobalSection(NestedProjects) = preSolution
		{9F89A17A-1BE3-4636-9C53-CBBC3CFF786C} = {9C8FA937-0EA3-4AAC-8EDA-721B6B952276}
		{02EA5EDA-437E-40D2-BB78-60FF4848CE62} = {43F47EE7-6199-48DD-87AD-657B676F7747}
	EndGlobalSection
EndGlobal
